
Microsoft Visual Studio Solution File, Format Version 12.00
# Visual Studio 15
VisualStudioVersion = 15.0.28010.2041
MinimumVisualStudioVersion = 10.0.40219.1
Project("{FAE04EC0-301F-11D3-BF4B-00C04F79EFBC}") = "SentientAcroBot", "SentientAcroBot.csproj", "{B8B226FC-7644-45B0-9822-3E63B60FD2E4}"
EndProject
Global
	GlobalSection(SolutionConfigurationPlatforms) = preSolution
		Debug|Any CPU = Debug|Any CPU
		Release|Any CPU = Release|Any CPU
	EndGlobalSection
	GlobalSection(ProjectConfigurationPlatforms) = postSolution
		{B8B226FC-7644-45B0-9822-3E63B60FD2E4}.Debug|Any CPU.ActiveCfg = Debug|Any CPU
		{B8B226FC-7644-45B0-9822-3E63B60FD2E4}.Debug|Any CPU.Build.0 = Debug|Any CPU
		{B8B226FC-7644-45B0-9822-3E63B60FD2E4}.Release|Any CPU.ActiveCfg = Release|Any CPU
		{B8B226FC-7644-45B0-9822-3E63B60FD2E4}.Release|Any CPU.Build.0 = Release|Any CPU
	EndGlobalSection
	GlobalSection(SolutionProperties) = preSolution
		HideSolutionNode = FALSE
	EndGlobalSection
	GlobalSection(ExtensibilityGlobals) = postSolution
		SolutionGuid = {4FC675B9-F642-41C0-861C-934797D265FF}
	EndGlobalSection
EndGlobal
